
Microsoft Visual Studio Solution File, Format Version 12.00
Project("{FAE04EC0-301F-11D3-BF4B-00C04F79EFBC}") = "CashFlow.Business", "CashFlow.Business\CashFlow.Business.csproj", "{5E4AD0C4-DDAA-43B7-9C40-65A9CCF5929C}"
EndProject
Project("{FAE04EC0-301F-11D3-BF4B-00C04F79EFBC}") = "CashFlow.Infrastructure", "CashFlow.Infrastructure\CashFlow.Infrastructure.csproj", "{0F9BDE7E-DB2C-4CF2-A2D8-BFB66F8DE63A}"
EndProject
Project("{FAE04EC0-301F-11D3-BF4B-00C04F79EFBC}") = "CashFlow.ConsoleApp", "CashFlow.ConsoleApp\CashFlow.ConsoleApp.csproj", "{53E7DF94-2BCE-4F20-848E-6F71A18CE37D}"
EndProject
Global
	GlobalSection(SolutionConfigurationPlatforms) = preSolution
		Debug|Any CPU = Debug|Any CPU
		Release|Any CPU = Release|Any CPU
	EndGlobalSection
	GlobalSection(ProjectConfigurationPlatforms) = postSolution
		{5E4AD0C4-DDAA-43B7-9C40-65A9CCF5929C}.Debug|Any CPU.ActiveCfg = Debug|Any CPU
		{5E4AD0C4-DDAA-43B7-9C40-65A9CCF5929C}.Debug|Any CPU.Build.0 = Debug|Any CPU
		{5E4AD0C4-DDAA-43B7-9C40-65A9CCF5929C}.Release|Any CPU.ActiveCfg = Release|Any CPU
		{5E4AD0C4-DDAA-43B7-9C40-65A9CCF5929C}.Release|Any CPU.Build.0 = Release|Any CPU
		{0F9BDE7E-DB2C-4CF2-A2D8-BFB66F8DE63A}.Debug|Any CPU.ActiveCfg = Debug|Any CPU
		{0F9BDE7E-DB2C-4CF2-A2D8-BFB66F8DE63A}.Debug|Any CPU.Build.0 = Debug|Any CPU
		{0F9BDE7E-DB2C-4CF2-A2D8-BFB66F8DE63A}.Release|Any CPU.ActiveCfg = Release|Any CPU
		{0F9BDE7E-DB2C-4CF2-A2D8-BFB66F8DE63A}.Release|Any CPU.Build.0 = Release|Any CPU
		{53E7DF94-2BCE-4F20-848E-6F71A18CE37D}.Debug|Any CPU.ActiveCfg = Debug|Any CPU
		{53E7DF94-2BCE-4F20-848E-6F71A18CE37D}.Debug|Any CPU.Build.0 = Debug|Any CPU
		{53E7DF94-2BCE-4F20-848E-6F71A18CE37D}.Release|Any CPU.ActiveCfg = Release|Any CPU
		{53E7DF94-2BCE-4F20-848E-6F71A18CE37D}.Release|Any CPU.Build.0 = Release|Any CPU
	EndGlobalSection
EndGlobal
