
Microsoft Visual Studio Solution File, Format Version 12.00
Project("{FAE04EC0-301F-11D3-BF4B-00C04F79EFBC}") = "FluxoDeCaixa.Infrastructure", "FluxoDeCaixa.Infrastructure\FluxoDeCaixa.Infrastructure.csproj", "{13DC2AC5-0642-4974-8D77-9C4D9512C91A}"
EndProject
Project("{FAE04EC0-301F-11D3-BF4B-00C04F79EFBC}") = "FluxoDeCaixa.BusinessRules", "FluxoDeCaixa.BusinessRules\FluxoDeCaixa.BusinessRules.csproj", "{049CA8CC-C443-426A-AA7A-6A19AB7B78D4}"
EndProject
Global
	GlobalSection(SolutionConfigurationPlatforms) = preSolution
		Debug|Any CPU = Debug|Any CPU
		Release|Any CPU = Release|Any CPU
	EndGlobalSection
	GlobalSection(ProjectConfigurationPlatforms) = postSolution
		{13DC2AC5-0642-4974-8D77-9C4D9512C91A}.Debug|Any CPU.ActiveCfg = Debug|Any CPU
		{13DC2AC5-0642-4974-8D77-9C4D9512C91A}.Debug|Any CPU.Build.0 = Debug|Any CPU
		{13DC2AC5-0642-4974-8D77-9C4D9512C91A}.Release|Any CPU.ActiveCfg = Release|Any CPU
		{13DC2AC5-0642-4974-8D77-9C4D9512C91A}.Release|Any CPU.Build.0 = Release|Any CPU
		{049CA8CC-C443-426A-AA7A-6A19AB7B78D4}.Debug|Any CPU.ActiveCfg = Debug|Any CPU
		{049CA8CC-C443-426A-AA7A-6A19AB7B78D4}.Debug|Any CPU.Build.0 = Debug|Any CPU
		{049CA8CC-C443-426A-AA7A-6A19AB7B78D4}.Release|Any CPU.ActiveCfg = Release|Any CPU
		{049CA8CC-C443-426A-AA7A-6A19AB7B78D4}.Release|Any CPU.Build.0 = Release|Any CPU
	EndGlobalSection
EndGlobal
